
Microsoft Visual Studio Solution File, Format Version 12.00
# Visual Studio 15
VisualStudioVersion = 15.0.27729.1
MinimumVisualStudioVersion = 10.0.40219.1
Project("{FAE04EC0-301F-11D3-BF4B-00C04F79EFBC}") = "Blazor4Test", "Blazor4Test\Blazor4Test.csproj", "{1061F9E7-FC75-4412-A83C-216B4792C707}"
EndProject
Global
	GlobalSection(SolutionConfigurationPlatforms) = preSolution
		Debug|Any CPU = Debug|Any CPU
		Release|Any CPU = Release|Any CPU
	EndGlobalSection
	GlobalSection(ProjectConfigurationPlatforms) = postSolution
		{1061F9E7-FC75-4412-A83C-216B4792C707}.Debug|Any CPU.ActiveCfg = Debug|Any CPU
		{1061F9E7-FC75-4412-A83C-216B4792C707}.Debug|Any CPU.Build.0 = Debug|Any CPU
		{1061F9E7-FC75-4412-A83C-216B4792C707}.Release|Any CPU.ActiveCfg = Release|Any CPU
		{1061F9E7-FC75-4412-A83C-216B4792C707}.Release|Any CPU.Build.0 = Release|Any CPU
	EndGlobalSection
	GlobalSection(SolutionProperties) = preSolution
		HideSolutionNode = FALSE
	EndGlobalSection
	GlobalSection(ExtensibilityGlobals) = postSolution
		SolutionGuid = {C3B051FD-C2A9-4620-A8B7-38D556394F33}
	EndGlobalSection
EndGlobal
